Microsoft Visual Studio Solution File, Format Version 12.00
# Visual Studio 2012
Project("{FAE04EC0-301F-11D3-BF4B-00C04F79EFBC}") = "Core", "Core\Core.csproj", "{7DF47435-EDD5-44B6-9FF3-D7AE3F9DCE55}"
EndProject
Project("{FAE04EC0-301F-11D3-BF4B-00C04F79EFBC}") = "Macro", "Macro\Macro.csproj", "{E88D8055-2D4A-4740-96D6-A6446D22A91B}"
	ProjectSection(ProjectDependencies) = postProject
		{7DF47435-EDD5-44B6-9FF3-D7AE3F9DCE55} = {7DF47435-EDD5-44B6-9FF3-D7AE3F9DCE55}
	EndProjectSection
EndProject
Project("{FAE04EC0-301F-11D3-BF4B-00C04F79EFBC}") = "Script", "Script\Script.csproj", "{DD87002B-4604-41CA-887B-A919BD349357}"
EndProject
Project("{FAE04EC0-301F-11D3-BF4B-00C04F79EFBC}") = "Player", "Player\Player.csproj", "{AF13851A-C8A4-4087-B44E-90BA848DF3D7}"
EndProject
Global
	GlobalSection(SolutionConfigurationPlatforms) = preSolution
		Debug|Any CPU = Debug|Any CPU
		Release|Any CPU = Release|Any CPU
	EndGlobalSection
	GlobalSection(ProjectConfigurationPlatforms) = postSolution
		{7DF47435-EDD5-44B6-9FF3-D7AE3F9DCE55}.Debug|Any CPU.ActiveCfg = Debug|Any CPU
		{7DF47435-EDD5-44B6-9FF3-D7AE3F9DCE55}.Debug|Any CPU.Build.0 = Debug|Any CPU
		{7DF47435-EDD5-44B6-9FF3-D7AE3F9DCE55}.Release|Any CPU.ActiveCfg = Release|Any CPU
		{7DF47435-EDD5-44B6-9FF3-D7AE3F9DCE55}.Release|Any CPU.Build.0 = Release|Any CPU
		{E88D8055-2D4A-4740-96D6-A6446D22A91B}.Debug|Any CPU.ActiveCfg = Debug|Any CPU
		{E88D8055-2D4A-4740-96D6-A6446D22A91B}.Debug|Any CPU.Build.0 = Debug|Any CPU
		{E88D8055-2D4A-4740-96D6-A6446D22A91B}.Release|Any CPU.ActiveCfg = Release|Any CPU
		{E88D8055-2D4A-4740-96D6-A6446D22A91B}.Release|Any CPU.Build.0 = Release|Any CPU
		{DD87002B-4604-41CA-887B-A919BD349357}.Debug|Any CPU.ActiveCfg = Debug|Any CPU
		{DD87002B-4604-41CA-887B-A919BD349357}.Debug|Any CPU.Build.0 = Debug|Any CPU
		{DD87002B-4604-41CA-887B-A919BD349357}.Release|Any CPU.ActiveCfg = Release|Any CPU
		{DD87002B-4604-41CA-887B-A919BD349357}.Release|Any CPU.Build.0 = Release|Any CPU
		{AF13851A-C8A4-4087-B44E-90BA848DF3D7}.Debug|Any CPU.ActiveCfg = Debug|Any CPU
		{AF13851A-C8A4-4087-B44E-90BA848DF3D7}.Debug|Any CPU.Build.0 = Debug|Any CPU
		{AF13851A-C8A4-4087-B44E-90BA848DF3D7}.Release|Any CPU.ActiveCfg = Release|Any CPU
		{AF13851A-C8A4-4087-B44E-90BA848DF3D7}.Release|Any CPU.Build.0 = Release|Any CPU
	EndGlobalSection
	GlobalSection(SolutionProperties) = preSolution
		HideSolutionNode = FALSE
	EndGlobalSection
EndGlobal
